
Microsoft Visual Studio Solution File, Format Version 12.00
# Visual Studio Version 16
VisualStudioVersion = 16.0.30413.136
MinimumVisualStudioVersion = 10.0.40219.1
Project("{9A19103F-16F7-4668-BE54-9A1E7A4F7556}") = "TravelAgency", "TravelAgency\TravelAgency.csproj", "{136E342D-8A38-4EF2-9B43-ED894D217690}"
EndProject
Project("{9A19103F-16F7-4668-BE54-9A1E7A4F7556}") = "TravelAgencyGUI", "TravelAgencyGUI\TravelAgencyGUI.csproj", "{BF91FCC9-65A6-4DC1-8B32-63F610233E07}"
EndProject
Project("{FAE04EC0-301F-11D3-BF4B-00C04F79EFBC}") = "UnitTestProject", "UnitTestProject\UnitTestProject.csproj", "{66D63AD0-9440-44C3-B334-682275C98406}"
EndProject
Global
	GlobalSection(SolutionConfigurationPlatforms) = preSolution
		Debug|Any CPU = Debug|Any CPU
		Release|Any CPU = Release|Any CPU
	EndGlobalSection
	GlobalSection(ProjectConfigurationPlatforms) = postSolution
		{136E342D-8A38-4EF2-9B43-ED894D217690}.Debug|Any CPU.ActiveCfg = Debug|Any CPU
		{136E342D-8A38-4EF2-9B43-ED894D217690}.Debug|Any CPU.Build.0 = Debug|Any CPU
		{136E342D-8A38-4EF2-9B43-ED894D217690}.Release|Any CPU.ActiveCfg = Release|Any CPU
		{136E342D-8A38-4EF2-9B43-ED894D217690}.Release|Any CPU.Build.0 = Release|Any CPU
		{BF91FCC9-65A6-4DC1-8B32-63F610233E07}.Debug|Any CPU.ActiveCfg = Debug|Any CPU
		{BF91FCC9-65A6-4DC1-8B32-63F610233E07}.Debug|Any CPU.Build.0 = Debug|Any CPU
		{BF91FCC9-65A6-4DC1-8B32-63F610233E07}.Release|Any CPU.ActiveCfg = Release|Any CPU
		{BF91FCC9-65A6-4DC1-8B32-63F610233E07}.Release|Any CPU.Build.0 = Release|Any CPU
		{66D63AD0-9440-44C3-B334-682275C98406}.Debug|Any CPU.ActiveCfg = Debug|Any CPU
		{66D63AD0-9440-44C3-B334-682275C98406}.Debug|Any CPU.Build.0 = Debug|Any CPU
		{66D63AD0-9440-44C3-B334-682275C98406}.Release|Any CPU.ActiveCfg = Release|Any CPU
		{66D63AD0-9440-44C3-B334-682275C98406}.Release|Any CPU.Build.0 = Release|Any CPU
	EndGlobalSection
	GlobalSection(SolutionProperties) = preSolution
		HideSolutionNode = FALSE
	EndGlobalSection
	GlobalSection(ExtensibilityGlobals) = postSolution
		SolutionGuid = {82C4D33B-491A-4580-AAF4-57C7C6E4B1AD}
	EndGlobalSection
EndGlobal
